
Microsoft Visual Studio Solution File, Format Version 12.00
# Visual Studio Version 17
VisualStudioVersion = 17.2.32616.157
MinimumVisualStudioVersion = 10.0.40219.1
Project("{9A19103F-16F7-4668-BE54-9A1E7A4F7556}") = "Foodler.Repository", "Foodler.Repository\Foodler.Repository.csproj", "{23953580-C138-441E-A8D7-653221F42BC8}"
EndProject
Project("{9A19103F-16F7-4668-BE54-9A1E7A4F7556}") = "Foodler.API", "Foodler.API\Foodler.API.csproj", "{1AAC34B7-A678-4178-8DC8-42A6FC0A240A}"
EndProject
Project("{FAE04EC0-301F-11D3-BF4B-00C04F79EFBC}") = "Foodler.Shared", "..\Shared\Foodler.Shared\Foodler.Shared.csproj", "{BAB78608-7F46-4D76-A801-15251A9951E3}"
EndProject
Global
	GlobalSection(SolutionConfigurationPlatforms) = preSolution
		Debug|Any CPU = Debug|Any CPU
		Release|Any CPU = Release|Any CPU
	EndGlobalSection
	GlobalSection(ProjectConfigurationPlatforms) = postSolution
		{23953580-C138-441E-A8D7-653221F42BC8}.Debug|Any CPU.ActiveCfg = Debug|Any CPU
		{23953580-C138-441E-A8D7-653221F42BC8}.Debug|Any CPU.Build.0 = Debug|Any CPU
		{23953580-C138-441E-A8D7-653221F42BC8}.Release|Any CPU.ActiveCfg = Release|Any CPU
		{23953580-C138-441E-A8D7-653221F42BC8}.Release|Any CPU.Build.0 = Release|Any CPU
		{1AAC34B7-A678-4178-8DC8-42A6FC0A240A}.Debug|Any CPU.ActiveCfg = Debug|Any CPU
		{1AAC34B7-A678-4178-8DC8-42A6FC0A240A}.Debug|Any CPU.Build.0 = Debug|Any CPU
		{1AAC34B7-A678-4178-8DC8-42A6FC0A240A}.Release|Any CPU.ActiveCfg = Release|Any CPU
		{1AAC34B7-A678-4178-8DC8-42A6FC0A240A}.Release|Any CPU.Build.0 = Release|Any CPU
		{BAB78608-7F46-4D76-A801-15251A9951E3}.Debug|Any CPU.ActiveCfg = Debug|Any CPU
		{BAB78608-7F46-4D76-A801-15251A9951E3}.Debug|Any CPU.Build.0 = Debug|Any CPU
		{BAB78608-7F46-4D76-A801-15251A9951E3}.Release|Any CPU.ActiveCfg = Release|Any CPU
		{BAB78608-7F46-4D76-A801-15251A9951E3}.Release|Any CPU.Build.0 = Release|Any CPU
	EndGlobalSection
	GlobalSection(SolutionProperties) = preSolution
		HideSolutionNode = FALSE
	EndGlobalSection
	GlobalSection(ExtensibilityGlobals) = postSolution
		SolutionGuid = {3A76942A-9A5F-42F5-A066-FA035E833F20}
	EndGlobalSection
EndGlobal
